
Microsoft Visual Studio Solution File, Format Version 12.00
Project("{2150E333-8FDC-42A3-9474-1A3956D46DE8}") = "src", "src", "{1FBC4AE3-3A3F-4A19-B695-450036042604}"
EndProject
Project("{2150E333-8FDC-42A3-9474-1A3956D46DE8}") = "tests", "tests", "{6951E901-FC3A-4808-A849-3965769A156C}"
EndProject
Project("{FAE04EC0-301F-11D3-BF4B-00C04F79EFBC}") = "Kindlegen", "src\Kindlegen\Kindlegen.csproj", "{9953E763-50CE-4272-97D9-8BDC9BE250E6}"
EndProject
Project("{FAE04EC0-301F-11D3-BF4B-00C04F79EFBC}") = "Kindlegen.Tests", "tests\Kindlegen.Tests\Kindlegen.Tests.csproj", "{6BD54E29-A5C8-481D-9927-E2E906C01A16}"
EndProject
Global
	GlobalSection(SolutionConfigurationPlatforms) = preSolution
		Debug|Any CPU = Debug|Any CPU
		Release|Any CPU = Release|Any CPU
	EndGlobalSection
	GlobalSection(NestedProjects) = preSolution
		{9953E763-50CE-4272-97D9-8BDC9BE250E6} = {1FBC4AE3-3A3F-4A19-B695-450036042604}
		{6BD54E29-A5C8-481D-9927-E2E906C01A16} = {6951E901-FC3A-4808-A849-3965769A156C}
	EndGlobalSection
	GlobalSection(ProjectConfigurationPlatforms) = postSolution
		{9953E763-50CE-4272-97D9-8BDC9BE250E6}.Debug|Any CPU.ActiveCfg = Debug|Any CPU
		{9953E763-50CE-4272-97D9-8BDC9BE250E6}.Debug|Any CPU.Build.0 = Debug|Any CPU
		{9953E763-50CE-4272-97D9-8BDC9BE250E6}.Release|Any CPU.ActiveCfg = Release|Any CPU
		{9953E763-50CE-4272-97D9-8BDC9BE250E6}.Release|Any CPU.Build.0 = Release|Any CPU
		{6BD54E29-A5C8-481D-9927-E2E906C01A16}.Debug|Any CPU.ActiveCfg = Debug|Any CPU
		{6BD54E29-A5C8-481D-9927-E2E906C01A16}.Debug|Any CPU.Build.0 = Debug|Any CPU
		{6BD54E29-A5C8-481D-9927-E2E906C01A16}.Release|Any CPU.ActiveCfg = Release|Any CPU
		{6BD54E29-A5C8-481D-9927-E2E906C01A16}.Release|Any CPU.Build.0 = Release|Any CPU
	EndGlobalSection
EndGlobal
